
Microsoft Visual Studio Solution File, Format Version 12.00
# Visual Studio Version 17
VisualStudioVersion = 17.9.34728.123
MinimumVisualStudioVersion = 10.0.40219.1
Project("{FAE04EC0-301F-11D3-BF4B-00C04F79EFBC}") = "LootTrainer", "LootTrainer\LootTrainer.csproj", "{A63D47F9-7CA3-4311-B96F-03E576E938A4}"
EndProject
Project("{FAE04EC0-301F-11D3-BF4B-00C04F79EFBC}") = "Core", "Core\Core.csproj", "{2328ED4F-0376-4B89-95C2-139BC1295027}"
EndProject
Project("{FAE04EC0-301F-11D3-BF4B-00C04F79EFBC}") = "Infrastructure", "Infrastructure\Infrastructure.csproj", "{61907FEF-4AD0-4131-8926-A8ABC1BD2DEC}"
EndProject
Global
	GlobalSection(SolutionConfigurationPlatforms) = preSolution
		Debug|Any CPU = Debug|Any CPU
		Release|Any CPU = Release|Any CPU
	EndGlobalSection
	GlobalSection(ProjectConfigurationPlatforms) = postSolution
		{A63D47F9-7CA3-4311-B96F-03E576E938A4}.Debug|Any CPU.ActiveCfg = Debug|Any CPU
		{A63D47F9-7CA3-4311-B96F-03E576E938A4}.Debug|Any CPU.Build.0 = Debug|Any CPU
		{A63D47F9-7CA3-4311-B96F-03E576E938A4}.Release|Any CPU.ActiveCfg = Release|Any CPU
		{A63D47F9-7CA3-4311-B96F-03E576E938A4}.Release|Any CPU.Build.0 = Release|Any CPU
		{2328ED4F-0376-4B89-95C2-139BC1295027}.Debug|Any CPU.ActiveCfg = Debug|Any CPU
		{2328ED4F-0376-4B89-95C2-139BC1295027}.Debug|Any CPU.Build.0 = Debug|Any CPU
		{2328ED4F-0376-4B89-95C2-139BC1295027}.Release|Any CPU.ActiveCfg = Release|Any CPU
		{2328ED4F-0376-4B89-95C2-139BC1295027}.Release|Any CPU.Build.0 = Release|Any CPU
		{61907FEF-4AD0-4131-8926-A8ABC1BD2DEC}.Debug|Any CPU.ActiveCfg = Debug|Any CPU
		{61907FEF-4AD0-4131-8926-A8ABC1BD2DEC}.Debug|Any CPU.Build.0 = Debug|Any CPU
		{61907FEF-4AD0-4131-8926-A8ABC1BD2DEC}.Release|Any CPU.ActiveCfg = Release|Any CPU
		{61907FEF-4AD0-4131-8926-A8ABC1BD2DEC}.Release|Any CPU.Build.0 = Release|Any CPU
	EndGlobalSection
	GlobalSection(SolutionProperties) = preSolution
		HideSolutionNode = FALSE
	EndGlobalSection
	GlobalSection(ExtensibilityGlobals) = postSolution
		SolutionGuid = {01AD665E-A366-4DF7-8E2C-D8F0B5445B71}
	EndGlobalSection
EndGlobal
